
Microsoft Visual Studio Solution File, Format Version 12.00
# Visual Studio Version 17
VisualStudioVersion = 17.0.31612.314
MinimumVisualStudioVersion = 10.0.40219.1
Project("{9A19103F-16F7-4668-BE54-9A1E7A4F7556}") = "ConsoleApp1", "ConsoleApp1\ConsoleApp1.csproj", "{B1F3D543-BFF8-40B4-98DA-158B2E5D30DD}"
EndProject
Global
	GlobalSection(SolutionConfigurationPlatforms) = preSolution
		Debug|Any CPU = Debug|Any CPU
		Release|Any CPU = Release|Any CPU
	EndGlobalSection
	GlobalSection(ProjectConfigurationPlatforms) = postSolution
		{B1F3D543-BFF8-40B4-98DA-158B2E5D30DD}.Debug|Any CPU.ActiveCfg = Debug|Any CPU
		{B1F3D543-BFF8-40B4-98DA-158B2E5D30DD}.Debug|Any CPU.Build.0 = Debug|Any CPU
		{B1F3D543-BFF8-40B4-98DA-158B2E5D30DD}.Release|Any CPU.ActiveCfg = Release|Any CPU
		{B1F3D543-BFF8-40B4-98DA-158B2E5D30DD}.Release|Any CPU.Build.0 = Release|Any CPU
	EndGlobalSection
	GlobalSection(SolutionProperties) = preSolution
		HideSolutionNode = FALSE
	EndGlobalSection
	GlobalSection(ExtensibilityGlobals) = postSolution
		SolutionGuid = {5FFC2B19-C58D-4508-B1D9-B7D0D5C4E8A0}
	EndGlobalSection
EndGlobal
